{"cliVersion":"0.16.0","productModuleName":"TicTacToe","sourceFilePaths":[{"path":"\/Users\/stijnwillems\/Developer\/JobHunt\/BNP\/TicTacToe\/Shared\/ContentView.swift","hash":"156a3e73827d509b6145ccfd093cded54f22f8f1"},{"path":"\/Users\/stijnwillems\/Developer\/JobHunt\/BNP\/TicTacToe\/Shared\/Square.swift","hash":"dbfc739fdfe1ba06d768d2f5b9239414c16d8f11"},{"path":"\/Users\/stijnwillems\/Developer\/JobHunt\/BNP\/TicTacToe\/Shared\/TicTacToeApp.swift","hash":"891cb7e605eb5a7c635221044a960abc5d1222b6"}],"configHash":"e27fc4a55ba461d93cc5877a7dff1a607a7b3639","dependencyPathsHash":"767beea2dd9ed9a0913c31d1dc55c0bc3b106ebe","targetPathsHash":"99fcbdc04d7ba63b6dabc2233d90b24de1884f3f","mockedTypesHash":null,"outputHash":"c3262c387659c15bc2209a16c115f293038c3462","dependencies":[],"sourceRoot":"\/Users\/stijnwillems\/Developer\/JobHunt\/BNP\/TicTacToe","supportingFilePaths":[{"path":"\/Users\/stijnwillems\/Developer\/JobHunt\/BNP\/TicTacToe\/MockingbirdSupport\/AppKit\/NSResponder.swift","hash":"21296949c6d570892c8665a450e62c234c938790"},{"path":"\/Users\/stijnwillems\/Developer\/JobHunt\/BNP\/TicTacToe\/MockingbirdSupport\/AppKit\/NSView.swift","hash":"85b3183be144012a7e105e292426c3d9f8966072"},{"path":"\/Users\/stijnwillems\/Developer\/JobHunt\/BNP\/TicTacToe\/MockingbirdSupport\/AppKit\/NSViewController.swift","hash":"d8785e8a119f2723c8840534df0ad8ac61409797"},{"path":"\/Users\/stijnwillems\/Developer\/JobHunt\/BNP\/TicTacToe\/MockingbirdSupport\/Foundation\/ObjectiveC\/NSObject.swift","hash":"cf466772b8c2d80d31f34b93b501b398fbb8854d"},{"path":"\/Users\/stijnwillems\/Developer\/JobHunt\/BNP\/TicTacToe\/MockingbirdSupport\/Foundation\/ObjectiveC\/NSObject.swift","hash":"cf466772b8c2d80d31f34b93b501b398fbb8854d"},{"path":"\/Users\/stijnwillems\/Developer\/JobHunt\/BNP\/TicTacToe\/MockingbirdSupport\/Swift\/Codable.swift","hash":"57675d8b36a2db7b093b3542bd3225a88992c3bc"},{"path":"\/Users\/stijnwillems\/Developer\/JobHunt\/BNP\/TicTacToe\/MockingbirdSupport\/Swift\/Comparable.swift","hash":"d0d110744eeaf2f8fdd2f8a41df3452f35286bb7"},{"path":"\/Users\/stijnwillems\/Developer\/JobHunt\/BNP\/TicTacToe\/MockingbirdSupport\/Swift\/Equatable.swift","hash":"2e7674f4e23a5ab7aef45b91b63c0ed5934c3b83"},{"path":"\/Users\/stijnwillems\/Developer\/JobHunt\/BNP\/TicTacToe\/MockingbirdSupport\/Swift\/Hashable.swift","hash":"f59ec249aa03e312f2bda7c3b397c0dccd880a21"},{"path":"\/Users\/stijnwillems\/Developer\/JobHunt\/BNP\/TicTacToe\/MockingbirdSupport\/Swift\/Misc.swift","hash":"c139249ec5799f1ec64c3d9e7d8c1f286b894035"},{"path":"\/Users\/stijnwillems\/Developer\/JobHunt\/BNP\/TicTacToe\/MockingbirdSupport\/UIKit\/UIControl.swift","hash":"9363a4c38002598dbbc1198f16fe7198b8151d24"},{"path":"\/Users\/stijnwillems\/Developer\/JobHunt\/BNP\/TicTacToe\/MockingbirdSupport\/UIKit\/UILabel.swift","hash":"e26a734695bfe008598ed0d8c936683db78f40ac"},{"path":"\/Users\/stijnwillems\/Developer\/JobHunt\/BNP\/TicTacToe\/MockingbirdSupport\/UIKit\/UIView.swift","hash":"10e6b03a9c5a76f720c17fcb82af82ff66994926"},{"path":"\/Users\/stijnwillems\/Developer\/JobHunt\/BNP\/TicTacToe\/MockingbirdSupport\/UIKit\/UIViewController.swift","hash":"bbd8980a22029f339b0e8746124fd06d94730570"}],"name":"TicTacToe (macOS)","projectHash":"848759befdf9d423513957c2bc0646daca3eb006"}